
Microsoft Visual Studio Solution File, Format Version 12.00
# Visual Studio Version 17
VisualStudioVersion = 17.9.34616.47
MinimumVisualStudioVersion = 10.0.40219.1
Project("{FAE04EC0-301F-11D3-BF4B-00C04F79EFBC}") = "WalletService", "WalletService.csproj", "{9656A34F-EEA9-4D7C-BDDE-E9D4B52D6A18}"
EndProject
Global
	GlobalSection(SolutionConfigurationPlatforms) = preSolution
		Debug|Any CPU = Debug|Any CPU
		Release|Any CPU = Release|Any CPU
	EndGlobalSection
	GlobalSection(ProjectConfigurationPlatforms) = postSolution
		{9656A34F-EEA9-4D7C-BDDE-E9D4B52D6A18}.Debug|Any CPU.ActiveCfg = Debug|Any CPU
		{9656A34F-EEA9-4D7C-BDDE-E9D4B52D6A18}.Debug|Any CPU.Build.0 = Debug|Any CPU
		{9656A34F-EEA9-4D7C-BDDE-E9D4B52D6A18}.Release|Any CPU.ActiveCfg = Release|Any CPU
		{9656A34F-EEA9-4D7C-BDDE-E9D4B52D6A18}.Release|Any CPU.Build.0 = Release|Any CPU
	EndGlobalSection
	GlobalSection(SolutionProperties) = preSolution
		HideSolutionNode = FALSE
	EndGlobalSection
	GlobalSection(ExtensibilityGlobals) = postSolution
		SolutionGuid = {87095C5B-5F9A-45A4-99F8-E2E174C84269}
	EndGlobalSection
EndGlobal
